
Microsoft Visual Studio Solution File, Format Version 12.00
# Visual Studio Version 17
VisualStudioVersion = 17.9.34622.214
MinimumVisualStudioVersion = 10.0.40219.1
Project("{FAE04EC0-301F-11D3-BF4B-00C04F79EFBC}") = "CotejosGirasol.Components", "CotejosGirasol.Components\CotejosGirasol.Components.csproj", "{028DF6A9-CFCB-4779-9EDB-229BF34FA53D}"
EndProject
Project("{FAE04EC0-301F-11D3-BF4B-00C04F79EFBC}") = "CotejosGirasol.Web", "CotejosGirasol.Web\CotejosGirasol.Web.csproj", "{21F18EBA-5F1D-43E4-9A5B-88C1D7D62FE2}"
EndProject
Project("{FAE04EC0-301F-11D3-BF4B-00C04F79EFBC}") = "CotejosGirasol.Maui", "CotejosGirasol.Maui\CotejosGirasol.Maui.csproj", "{678C568E-8CFF-4DBA-8315-EFAC61722A18}"
EndProject
Project("{FAE04EC0-301F-11D3-BF4B-00C04F79EFBC}") = "CotejosGirasol.API", "CotejosGirasol.API\CotejosGirasol.API.csproj", "{B0C09B9B-27E0-490B-928B-A9ECE339BE8E}"
EndProject
Project("{FAE04EC0-301F-11D3-BF4B-00C04F79EFBC}") = "CotejosGirasol.Client", "CotejosGirasol.Client\CotejosGirasol.Client.csproj", "{8C5723D9-E632-4E70-AFEB-D2F65A3094A8}"
EndProject
Global
	GlobalSection(SolutionConfigurationPlatforms) = preSolution
		Debug|Any CPU = Debug|Any CPU
		Release|Any CPU = Release|Any CPU
	EndGlobalSection
	GlobalSection(ProjectConfigurationPlatforms) = postSolution
		{028DF6A9-CFCB-4779-9EDB-229BF34FA53D}.Debug|Any CPU.ActiveCfg = Debug|Any CPU
		{028DF6A9-CFCB-4779-9EDB-229BF34FA53D}.Debug|Any CPU.Build.0 = Debug|Any CPU
		{028DF6A9-CFCB-4779-9EDB-229BF34FA53D}.Release|Any CPU.ActiveCfg = Release|Any CPU
		{028DF6A9-CFCB-4779-9EDB-229BF34FA53D}.Release|Any CPU.Build.0 = Release|Any CPU
		{21F18EBA-5F1D-43E4-9A5B-88C1D7D62FE2}.Debug|Any CPU.ActiveCfg = Debug|Any CPU
		{21F18EBA-5F1D-43E4-9A5B-88C1D7D62FE2}.Debug|Any CPU.Build.0 = Debug|Any CPU
		{21F18EBA-5F1D-43E4-9A5B-88C1D7D62FE2}.Release|Any CPU.ActiveCfg = Release|Any CPU
		{21F18EBA-5F1D-43E4-9A5B-88C1D7D62FE2}.Release|Any CPU.Build.0 = Release|Any CPU
		{678C568E-8CFF-4DBA-8315-EFAC61722A18}.Debug|Any CPU.ActiveCfg = Debug|Any CPU
		{678C568E-8CFF-4DBA-8315-EFAC61722A18}.Debug|Any CPU.Build.0 = Debug|Any CPU
		{678C568E-8CFF-4DBA-8315-EFAC61722A18}.Debug|Any CPU.Deploy.0 = Debug|Any CPU
		{678C568E-8CFF-4DBA-8315-EFAC61722A18}.Release|Any CPU.ActiveCfg = Release|Any CPU
		{678C568E-8CFF-4DBA-8315-EFAC61722A18}.Release|Any CPU.Build.0 = Release|Any CPU
		{678C568E-8CFF-4DBA-8315-EFAC61722A18}.Release|Any CPU.Deploy.0 = Release|Any CPU
		{B0C09B9B-27E0-490B-928B-A9ECE339BE8E}.Debug|Any CPU.ActiveCfg = Debug|Any CPU
		{B0C09B9B-27E0-490B-928B-A9ECE339BE8E}.Debug|Any CPU.Build.0 = Debug|Any CPU
		{B0C09B9B-27E0-490B-928B-A9ECE339BE8E}.Release|Any CPU.ActiveCfg = Release|Any CPU
		{B0C09B9B-27E0-490B-928B-A9ECE339BE8E}.Release|Any CPU.Build.0 = Release|Any CPU
		{8C5723D9-E632-4E70-AFEB-D2F65A3094A8}.Debug|Any CPU.ActiveCfg = Debug|Any CPU
		{8C5723D9-E632-4E70-AFEB-D2F65A3094A8}.Debug|Any CPU.Build.0 = Debug|Any CPU
		{8C5723D9-E632-4E70-AFEB-D2F65A3094A8}.Release|Any CPU.ActiveCfg = Release|Any CPU
		{8C5723D9-E632-4E70-AFEB-D2F65A3094A8}.Release|Any CPU.Build.0 = Release|Any CPU
	EndGlobalSection
	GlobalSection(SolutionProperties) = preSolution
		HideSolutionNode = FALSE
	EndGlobalSection
	GlobalSection(ExtensibilityGlobals) = postSolution
		SolutionGuid = {7606D441-1194-4A53-9D3B-15ACA07B6DB9}
	EndGlobalSection
EndGlobal
